name: Alliance Warlock

format:
  - Starter

group: '2013'

theme:
  - Alliance
  - Starter
  - '2013'

complexity:

division:

highlight: alliance-warlock-2013-001

tagline: 2013 Alliance Warlock Preconstructed

description:
  - title: ''
    body: Introduction to the 2013 Alliance Warlock

list:
  hero:
    alliance-warlock-2013-001: 1  # Pierson Vale, Keeper of Secrets
  main:
    alliance-warlock-2013-002: 3  # Drain Essence
    alliance-warlock-2013-003: 2 # Dread Touch
    alliance-warlock-2013-004: 2 # Life Tap
    alliance-warlock-2013-005: 1 # Siphon Life
    alliance-warlock-2013-006: 2 # Soul Trap
    alliance-warlock-2013-007: 3 # Steal Essence
    alliance-warlock-2013-008: 2 # Cerwyn
    alliance-warlock-2013-009: 2 # Corvus Promaethon
    alliance-warlock-2013-010: 3 # Dagin Bootzap
    alliance-warlock-2013-011: 1 # Gerrunge the Sadist
    alliance-warlock-2013-012: 3 # Gully Rustinax
    alliance-warlock-2013-013: 3 # Warden Tonarin
    alliance-warlock-2013-014: 3 # Jeniva Prescott
    alliance-warlock-2013-015: 2 # Kallipssa
    alliance-warlock-2013-016: 3 # Liba Wobblebonk
    alliance-warlock-2013-017: 3 # Maazhum
    alliance-warlock-2013-018: 1 # Marundal the Kindred
    alliance-warlock-2013-019: 3 # Parvink
    alliance-warlock-2013-020: 3 # Tomadae the Magnificent
    alliance-warlock-2013-021: 3 # Archival Purposes
    alliance-warlock-2013-022: 3 # Entrenched
    alliance-warlock-2013-023: 3 # Escape from Durnholde
    alliance-warlock-2013-024: 3 # The Essence of Enmity
    alliance-warlock-2013-025: 3 # The Vainglorious
